
Microsoft Visual Studio Solution File, Format Version 12.00
# Visual Studio Version 16
VisualStudioVersion = 16.0.32901.82
MinimumVisualStudioVersion = 10.0.40219.1
Project("{9A19103F-16F7-4668-BE54-9A1E7A4F7556}") = "Todoapp", "Todoapp\Todoapp.csproj", "{02AFCA1F-92EB-4257-AAAC-7FC6BEE47388}"
EndProject
Global
	GlobalSection(SolutionConfigurationPlatforms) = preSolution
		Debug|Any CPU = Debug|Any CPU
		Release|Any CPU = Release|Any CPU
	EndGlobalSection
	GlobalSection(ProjectConfigurationPlatforms) = postSolution
		{02AFCA1F-92EB-4257-AAAC-7FC6BEE47388}.Debug|Any CPU.ActiveCfg = Debug|Any CPU
		{02AFCA1F-92EB-4257-AAAC-7FC6BEE47388}.Debug|Any CPU.Build.0 = Debug|Any CPU
		{02AFCA1F-92EB-4257-AAAC-7FC6BEE47388}.Release|Any CPU.ActiveCfg = Release|Any CPU
		{02AFCA1F-92EB-4257-AAAC-7FC6BEE47388}.Release|Any CPU.Build.0 = Release|Any CPU
	EndGlobalSection
	GlobalSection(SolutionProperties) = preSolution
		HideSolutionNode = FALSE
	EndGlobalSection
	GlobalSection(ExtensibilityGlobals) = postSolution
		SolutionGuid = {0A977DDC-1C3C-4E56-B06F-AF724EB27DFD}
	EndGlobalSection
EndGlobal
